
Microsoft Visual Studio Solution File, Format Version 12.00
# Visual Studio Version 16
VisualStudioVersion = 16.0.30225.117
MinimumVisualStudioVersion = 10.0.40219.1
Project("{FAE04EC0-301F-11D3-BF4B-00C04F79EFBC}") = "Freerider.Android", "Freerider\Freerider.Android\Freerider.Android.csproj", "{A2D53B5C-30D1-4FE5-8B68-64264A6DEAD6}"
EndProject
Project("{FAE04EC0-301F-11D3-BF4B-00C04F79EFBC}") = "Freerider.iOS", "Freerider\Freerider.iOS\Freerider.iOS.csproj", "{FA38A426-CD8B-4538-AB9B-677187C6BA93}"
EndProject
Project("{9A19103F-16F7-4668-BE54-9A1E7A4F7556}") = "Freerider", "Freerider\Freerider\Freerider.csproj", "{3C6B1A50-29E0-4281-A0A2-0BA9DA6CF620}"
EndProject
Project("{9A19103F-16F7-4668-BE54-9A1E7A4F7556}") = "TestConsoleApp", "TestConsoleApp\TestConsoleApp.csproj", "{79683ECE-57B0-4925-959F-0B001410E414}"
EndProject
Project("{FAE04EC0-301F-11D3-BF4B-00C04F79EFBC}") = "HpScraper.Android", "HpScraper\HpScraper.Android\HpScraper.Android.csproj", "{345D3E23-7825-41F6-B5F0-6ACDAA1CD867}"
EndProject
Project("{FAE04EC0-301F-11D3-BF4B-00C04F79EFBC}") = "HpScraper.iOS", "HpScraper\HpScraper.iOS\HpScraper.iOS.csproj", "{9FE61AC9-B0C3-4E27-96EB-2D1658603223}"
EndProject
Project("{FAE04EC0-301F-11D3-BF4B-00C04F79EFBC}") = "HpScraper", "HpScraper\HpScraper\HpScraper.csproj", "{BA2F41BA-526B-4047-9F56-2E36CD035123}"
EndProject
Global
	GlobalSection(SolutionConfigurationPlatforms) = preSolution
		Debug|Any CPU = Debug|Any CPU
		Debug|iPhone = Debug|iPhone
		Debug|iPhoneSimulator = Debug|iPhoneSimulator
		Release|Any CPU = Release|Any CPU
		Release|iPhone = Release|iPhone
		Release|iPhoneSimulator = Release|iPhoneSimulator
	EndGlobalSection
	GlobalSection(ProjectConfigurationPlatforms) = postSolution
		{A2D53B5C-30D1-4FE5-8B68-64264A6DEAD6}.Debug|Any CPU.ActiveCfg = Debug|Any CPU
		{A2D53B5C-30D1-4FE5-8B68-64264A6DEAD6}.Debug|Any CPU.Build.0 = Debug|Any CPU
		{A2D53B5C-30D1-4FE5-8B68-64264A6DEAD6}.Debug|Any CPU.Deploy.0 = Debug|Any CPU
		{A2D53B5C-30D1-4FE5-8B68-64264A6DEAD6}.Debug|iPhone.ActiveCfg = Debug|Any CPU
		{A2D53B5C-30D1-4FE5-8B68-64264A6DEAD6}.Debug|iPhone.Build.0 = Debug|Any CPU
		{A2D53B5C-30D1-4FE5-8B68-64264A6DEAD6}.Debug|iPhone.Deploy.0 = Debug|Any CPU
		{A2D53B5C-30D1-4FE5-8B68-64264A6DEAD6}.Debug|iPhoneSimulator.ActiveCfg = Debug|Any CPU
		{A2D53B5C-30D1-4FE5-8B68-64264A6DEAD6}.Debug|iPhoneSimulator.Build.0 = Debug|Any CPU
		{A2D53B5C-30D1-4FE5-8B68-64264A6DEAD6}.Debug|iPhoneSimulator.Deploy.0 = Debug|Any CPU
		{A2D53B5C-30D1-4FE5-8B68-64264A6DEAD6}.Release|Any CPU.ActiveCfg = Release|Any CPU
		{A2D53B5C-30D1-4FE5-8B68-64264A6DEAD6}.Release|Any CPU.Build.0 = Release|Any CPU
		{A2D53B5C-30D1-4FE5-8B68-64264A6DEAD6}.Release|Any CPU.Deploy.0 = Release|Any CPU
		{A2D53B5C-30D1-4FE5-8B68-64264A6DEAD6}.Release|iPhone.ActiveCfg = Release|Any CPU
		{A2D53B5C-30D1-4FE5-8B68-64264A6DEAD6}.Release|iPhone.Build.0 = Release|Any CPU
		{A2D53B5C-30D1-4FE5-8B68-64264A6DEAD6}.Release|iPhone.Deploy.0 = Release|Any CPU
		{A2D53B5C-30D1-4FE5-8B68-64264A6DEAD6}.Release|iPhoneSimulator.ActiveCfg = Release|Any CPU
		{A2D53B5C-30D1-4FE5-8B68-64264A6DEAD6}.Release|iPhoneSimulator.Build.0 = Release|Any CPU
		{A2D53B5C-30D1-4FE5-8B68-64264A6DEAD6}.Release|iPhoneSimulator.Deploy.0 = Release|Any CPU
		{FA38A426-CD8B-4538-AB9B-677187C6BA93}.Debug|Any CPU.ActiveCfg = Debug|iPhone
		{FA38A426-CD8B-4538-AB9B-677187C6BA93}.Debug|Any CPU.Build.0 = Debug|iPhone
		{FA38A426-CD8B-4538-AB9B-677187C6BA93}.Debug|Any CPU.Deploy.0 = Debug|iPhone
		{FA38A426-CD8B-4538-AB9B-677187C6BA93}.Debug|iPhone.ActiveCfg = Debug|iPhone
		{FA38A426-CD8B-4538-AB9B-677187C6BA93}.Debug|iPhone.Build.0 = Debug|iPhone
		{FA38A426-CD8B-4538-AB9B-677187C6BA93}.Debug|iPhone.Deploy.0 = Debug|iPhone
		{FA38A426-CD8B-4538-AB9B-677187C6BA93}.Debug|iPhoneSimulator.ActiveCfg = Debug|iPhoneSimulator
		{FA38A426-CD8B-4538-AB9B-677187C6BA93}.Debug|iPhoneSimulator.Build.0 = Debug|iPhoneSimulator
		{FA38A426-CD8B-4538-AB9B-677187C6BA93}.Debug|iPhoneSimulator.Deploy.0 = Debug|iPhoneSimulator
		{FA38A426-CD8B-4538-AB9B-677187C6BA93}.Release|Any CPU.ActiveCfg = Release|iPhone
		{FA38A426-CD8B-4538-AB9B-677187C6BA93}.Release|Any CPU.Build.0 = Release|iPhone
		{FA38A426-CD8B-4538-AB9B-677187C6BA93}.Release|Any CPU.Deploy.0 = Release|iPhone
		{FA38A426-CD8B-4538-AB9B-677187C6BA93}.Release|iPhone.ActiveCfg = Release|iPhone
		{FA38A426-CD8B-4538-AB9B-677187C6BA93}.Release|iPhone.Build.0 = Release|iPhone
		{FA38A426-CD8B-4538-AB9B-677187C6BA93}.Release|iPhone.Deploy.0 = Release|iPhone
		{FA38A426-CD8B-4538-AB9B-677187C6BA93}.Release|iPhoneSimulator.ActiveCfg = Release|iPhoneSimulator
		{FA38A426-CD8B-4538-AB9B-677187C6BA93}.Release|iPhoneSimulator.Build.0 = Release|iPhoneSimulator
		{FA38A426-CD8B-4538-AB9B-677187C6BA93}.Release|iPhoneSimulator.Deploy.0 = Release|iPhoneSimulator
		{3C6B1A50-29E0-4281-A0A2-0BA9DA6CF620}.Debug|Any CPU.ActiveCfg = Debug|Any CPU
		{3C6B1A50-29E0-4281-A0A2-0BA9DA6CF620}.Debug|Any CPU.Build.0 = Debug|Any CPU
		{3C6B1A50-29E0-4281-A0A2-0BA9DA6CF620}.Debug|Any CPU.Deploy.0 = Debug|Any CPU
		{3C6B1A50-29E0-4281-A0A2-0BA9DA6CF620}.Debug|iPhone.ActiveCfg = Debug|Any CPU
		{3C6B1A50-29E0-4281-A0A2-0BA9DA6CF620}.Debug|iPhone.Build.0 = Debug|Any CPU
		{3C6B1A50-29E0-4281-A0A2-0BA9DA6CF620}.Debug|iPhone.Deploy.0 = Debug|Any CPU
		{3C6B1A50-29E0-4281-A0A2-0BA9DA6CF620}.Debug|iPhoneSimulator.ActiveCfg = Debug|Any CPU
		{3C6B1A50-29E0-4281-A0A2-0BA9DA6CF620}.Debug|iPhoneSimulator.Build.0 = Debug|Any CPU
		{3C6B1A50-29E0-4281-A0A2-0BA9DA6CF620}.Debug|iPhoneSimulator.Deploy.0 = Debug|Any CPU
		{3C6B1A50-29E0-4281-A0A2-0BA9DA6CF620}.Release|Any CPU.ActiveCfg = Release|Any CPU
		{3C6B1A50-29E0-4281-A0A2-0BA9DA6CF620}.Release|Any CPU.Build.0 = Release|Any CPU
		{3C6B1A50-29E0-4281-A0A2-0BA9DA6CF620}.Release|Any CPU.Deploy.0 = Release|Any CPU
		{3C6B1A50-29E0-4281-A0A2-0BA9DA6CF620}.Release|iPhone.ActiveCfg = Release|Any CPU
		{3C6B1A50-29E0-4281-A0A2-0BA9DA6CF620}.Release|iPhone.Build.0 = Release|Any CPU
		{3C6B1A50-29E0-4281-A0A2-0BA9DA6CF620}.Release|iPhone.Deploy.0 = Release|Any CPU
		{3C6B1A50-29E0-4281-A0A2-0BA9DA6CF620}.Release|iPhoneSimulator.ActiveCfg = Release|Any CPU
		{3C6B1A50-29E0-4281-A0A2-0BA9DA6CF620}.Release|iPhoneSimulator.Build.0 = Release|Any CPU
		{3C6B1A50-29E0-4281-A0A2-0BA9DA6CF620}.Release|iPhoneSimulator.Deploy.0 = Release|Any CPU
		{79683ECE-57B0-4925-959F-0B001410E414}.Debug|Any CPU.ActiveCfg = Debug|Any CPU
		{79683ECE-57B0-4925-959F-0B001410E414}.Debug|Any CPU.Build.0 = Debug|Any CPU
		{79683ECE-57B0-4925-959F-0B001410E414}.Debug|iPhone.ActiveCfg = Debug|Any CPU
		{79683ECE-57B0-4925-959F-0B001410E414}.Debug|iPhone.Build.0 = Debug|Any CPU
		{79683ECE-57B0-4925-959F-0B001410E414}.Debug|iPhoneSimulator.ActiveCfg = Debug|Any CPU
		{79683ECE-57B0-4925-959F-0B001410E414}.Debug|iPhoneSimulator.Build.0 = Debug|Any CPU
		{79683ECE-57B0-4925-959F-0B001410E414}.Release|Any CPU.ActiveCfg = Release|Any CPU
		{79683ECE-57B0-4925-959F-0B001410E414}.Release|Any CPU.Build.0 = Release|Any CPU
		{79683ECE-57B0-4925-959F-0B001410E414}.Release|iPhone.ActiveCfg = Release|Any CPU
		{79683ECE-57B0-4925-959F-0B001410E414}.Release|iPhone.Build.0 = Release|Any CPU
		{79683ECE-57B0-4925-959F-0B001410E414}.Release|iPhoneSimulator.ActiveCfg = Release|Any CPU
		{79683ECE-57B0-4925-959F-0B001410E414}.Release|iPhoneSimulator.Build.0 = Release|Any CPU
		{345D3E23-7825-41F6-B5F0-6ACDAA1CD867}.Debug|Any CPU.ActiveCfg = Debug|Any CPU
		{345D3E23-7825-41F6-B5F0-6ACDAA1CD867}.Debug|Any CPU.Build.0 = Debug|Any CPU
		{345D3E23-7825-41F6-B5F0-6ACDAA1CD867}.Debug|Any CPU.Deploy.0 = Debug|Any CPU
		{345D3E23-7825-41F6-B5F0-6ACDAA1CD867}.Debug|iPhone.ActiveCfg = Debug|Any CPU
		{345D3E23-7825-41F6-B5F0-6ACDAA1CD867}.Debug|iPhone.Build.0 = Debug|Any CPU
		{345D3E23-7825-41F6-B5F0-6ACDAA1CD867}.Debug|iPhone.Deploy.0 = Debug|Any CPU
		{345D3E23-7825-41F6-B5F0-6ACDAA1CD867}.Debug|iPhoneSimulator.ActiveCfg = Debug|Any CPU
		{345D3E23-7825-41F6-B5F0-6ACDAA1CD867}.Debug|iPhoneSimulator.Build.0 = Debug|Any CPU
		{345D3E23-7825-41F6-B5F0-6ACDAA1CD867}.Debug|iPhoneSimulator.Deploy.0 = Debug|Any CPU
		{345D3E23-7825-41F6-B5F0-6ACDAA1CD867}.Release|Any CPU.ActiveCfg = Release|Any CPU
		{345D3E23-7825-41F6-B5F0-6ACDAA1CD867}.Release|Any CPU.Build.0 = Release|Any CPU
		{345D3E23-7825-41F6-B5F0-6ACDAA1CD867}.Release|Any CPU.Deploy.0 = Release|Any CPU
		{345D3E23-7825-41F6-B5F0-6ACDAA1CD867}.Release|iPhone.ActiveCfg = Release|Any CPU
		{345D3E23-7825-41F6-B5F0-6ACDAA1CD867}.Release|iPhone.Build.0 = Release|Any CPU
		{345D3E23-7825-41F6-B5F0-6ACDAA1CD867}.Release|iPhone.Deploy.0 = Release|Any CPU
		{345D3E23-7825-41F6-B5F0-6ACDAA1CD867}.Release|iPhoneSimulator.ActiveCfg = Release|Any CPU
		{345D3E23-7825-41F6-B5F0-6ACDAA1CD867}.Release|iPhoneSimulator.Build.0 = Release|Any CPU
		{345D3E23-7825-41F6-B5F0-6ACDAA1CD867}.Release|iPhoneSimulator.Deploy.0 = Release|Any CPU
		{9FE61AC9-B0C3-4E27-96EB-2D1658603223}.Debug|Any CPU.ActiveCfg = Debug|iPhone
		{9FE61AC9-B0C3-4E27-96EB-2D1658603223}.Debug|iPhone.ActiveCfg = Debug|iPhone
		{9FE61AC9-B0C3-4E27-96EB-2D1658603223}.Debug|iPhone.Build.0 = Debug|iPhone
		{9FE61AC9-B0C3-4E27-96EB-2D1658603223}.Debug|iPhoneSimulator.ActiveCfg = Debug|iPhoneSimulator
		{9FE61AC9-B0C3-4E27-96EB-2D1658603223}.Debug|iPhoneSimulator.Build.0 = Debug|iPhoneSimulator
		{9FE61AC9-B0C3-4E27-96EB-2D1658603223}.Release|Any CPU.ActiveCfg = Release|iPhone
		{9FE61AC9-B0C3-4E27-96EB-2D1658603223}.Release|iPhone.ActiveCfg = Release|iPhone
		{9FE61AC9-B0C3-4E27-96EB-2D1658603223}.Release|iPhone.Build.0 = Release|iPhone
		{9FE61AC9-B0C3-4E27-96EB-2D1658603223}.Release|iPhoneSimulator.ActiveCfg = Release|iPhoneSimulator
		{9FE61AC9-B0C3-4E27-96EB-2D1658603223}.Release|iPhoneSimulator.Build.0 = Release|iPhoneSimulator
		{BA2F41BA-526B-4047-9F56-2E36CD035123}.Debug|Any CPU.ActiveCfg = Debug|Any CPU
		{BA2F41BA-526B-4047-9F56-2E36CD035123}.Debug|Any CPU.Build.0 = Debug|Any CPU
		{BA2F41BA-526B-4047-9F56-2E36CD035123}.Debug|iPhone.ActiveCfg = Debug|Any CPU
		{BA2F41BA-526B-4047-9F56-2E36CD035123}.Debug|iPhone.Build.0 = Debug|Any CPU
		{BA2F41BA-526B-4047-9F56-2E36CD035123}.Debug|iPhoneSimulator.ActiveCfg = Debug|Any CPU
		{BA2F41BA-526B-4047-9F56-2E36CD035123}.Debug|iPhoneSimulator.Build.0 = Debug|Any CPU
		{BA2F41BA-526B-4047-9F56-2E36CD035123}.Release|Any CPU.ActiveCfg = Release|Any CPU
		{BA2F41BA-526B-4047-9F56-2E36CD035123}.Release|Any CPU.Build.0 = Release|Any CPU
		{BA2F41BA-526B-4047-9F56-2E36CD035123}.Release|iPhone.ActiveCfg = Release|Any CPU
		{BA2F41BA-526B-4047-9F56-2E36CD035123}.Release|iPhone.Build.0 = Release|Any CPU
		{BA2F41BA-526B-4047-9F56-2E36CD035123}.Release|iPhoneSimulator.ActiveCfg = Release|Any CPU
		{BA2F41BA-526B-4047-9F56-2E36CD035123}.Release|iPhoneSimulator.Build.0 = Release|Any CPU
	EndGlobalSection
	GlobalSection(SolutionProperties) = preSolution
		HideSolutionNode = FALSE
	EndGlobalSection
	GlobalSection(ExtensibilityGlobals) = postSolution
		SolutionGuid = {FB6A5FE2-BEFC-4D1F-8575-ABE8228C4A7B}
	EndGlobalSection
EndGlobal
